
Microsoft Visual Studio Solution File, Format Version 12.00
# Visual Studio Version 16
VisualStudioVersion = 16.0.31727.386
MinimumVisualStudioVersion = 10.0.40219.1
Project("{8BC9CEB8-8B4A-11D0-8D11-00A0C91BC942}") = "Lista1_Do_Oddania", "Lista1_Do_Oddania\Lista1_Do_Oddania.vcxproj", "{70FF3BE8-8084-4CF6-8D03-0AD11A1061E6}"
EndProject
Global
	GlobalSection(SolutionConfigurationPlatforms) = preSolution
		Debug|x64 = Debug|x64
		Debug|x86 = Debug|x86
		Release|x64 = Release|x64
		Release|x86 = Release|x86
	EndGlobalSection
	GlobalSection(ProjectConfigurationPlatforms) = postSolution
		{70FF3BE8-8084-4CF6-8D03-0AD11A1061E6}.Debug|x64.ActiveCfg = Debug|x64
		{70FF3BE8-8084-4CF6-8D03-0AD11A1061E6}.Debug|x64.Build.0 = Debug|x64
		{70FF3BE8-8084-4CF6-8D03-0AD11A1061E6}.Debug|x86.ActiveCfg = Debug|Win32
		{70FF3BE8-8084-4CF6-8D03-0AD11A1061E6}.Debug|x86.Build.0 = Debug|Win32
		{70FF3BE8-8084-4CF6-8D03-0AD11A1061E6}.Release|x64.ActiveCfg = Release|x64
		{70FF3BE8-8084-4CF6-8D03-0AD11A1061E6}.Release|x64.Build.0 = Release|x64
		{70FF3BE8-8084-4CF6-8D03-0AD11A1061E6}.Release|x86.ActiveCfg = Release|Win32
		{70FF3BE8-8084-4CF6-8D03-0AD11A1061E6}.Release|x86.Build.0 = Release|Win32
	EndGlobalSection
	GlobalSection(SolutionProperties) = preSolution
		HideSolutionNode = FALSE
	EndGlobalSection
	GlobalSection(ExtensibilityGlobals) = postSolution
		SolutionGuid = {225F1ACE-1FA0-410E-AD50-EA14991D41C3}
	EndGlobalSection
EndGlobal
